
Microsoft Visual Studio Solution File, Format Version 12.00
# Visual Studio Version 16
VisualStudioVersion = 25.0.1704.4
MinimumVisualStudioVersion = 10.0.40219.1
Project("{FAE04EC0-301F-11D3-BF4B-00C04F79EFBC}") = "Level 1", "Level 1\Level 1.csproj", "{5D3F0646-67AD-4899-980B-AD0C265764C8}"
EndProject
Global
	GlobalSection(SolutionConfigurationPlatforms) = preSolution
		Debug|Any CPU = Debug|Any CPU
		Release|Any CPU = Release|Any CPU
	EndGlobalSection
	GlobalSection(ProjectConfigurationPlatforms) = postSolution
		{5D3F0646-67AD-4899-980B-AD0C265764C8}.Debug|Any CPU.ActiveCfg = Debug|Any CPU
		{5D3F0646-67AD-4899-980B-AD0C265764C8}.Debug|Any CPU.Build.0 = Debug|Any CPU
		{5D3F0646-67AD-4899-980B-AD0C265764C8}.Release|Any CPU.ActiveCfg = Release|Any CPU
		{5D3F0646-67AD-4899-980B-AD0C265764C8}.Release|Any CPU.Build.0 = Release|Any CPU
	EndGlobalSection
	GlobalSection(SolutionProperties) = preSolution
		HideSolutionNode = FALSE
	EndGlobalSection
	GlobalSection(ExtensibilityGlobals) = postSolution
		SolutionGuid = {D4B548AD-3972-49CD-98D7-204AFA936C19}
	EndGlobalSection
EndGlobal
